
Microsoft Visual Studio Solution File, Format Version 12.00
# Visual Studio Version 17
VisualStudioVersion = 17.4.33213.308
MinimumVisualStudioVersion = 10.0.40219.1
Project("{FAE04EC0-301F-11D3-BF4B-00C04F79EFBC}") = "PersonalSiteConversion", "PersonalSiteConversion\PersonalSiteConversion.csproj", "{06938755-4C63-455E-9E2B-144CB43BA03B}"
EndProject
Global
	GlobalSection(SolutionConfigurationPlatforms) = preSolution
		Debug|Any CPU = Debug|Any CPU
		Release|Any CPU = Release|Any CPU
	EndGlobalSection
	GlobalSection(ProjectConfigurationPlatforms) = postSolution
		{06938755-4C63-455E-9E2B-144CB43BA03B}.Debug|Any CPU.ActiveCfg = Debug|Any CPU
		{06938755-4C63-455E-9E2B-144CB43BA03B}.Debug|Any CPU.Build.0 = Debug|Any CPU
		{06938755-4C63-455E-9E2B-144CB43BA03B}.Release|Any CPU.ActiveCfg = Release|Any CPU
		{06938755-4C63-455E-9E2B-144CB43BA03B}.Release|Any CPU.Build.0 = Release|Any CPU
	EndGlobalSection
	GlobalSection(SolutionProperties) = preSolution
		HideSolutionNode = FALSE
	EndGlobalSection
	GlobalSection(ExtensibilityGlobals) = postSolution
		SolutionGuid = {DBD69F05-C065-437E-8CE4-8464E1CF8A82}
	EndGlobalSection
EndGlobal
